{
    "_meta": {
        "hash": {
            "sha256": "3f915e8671b66a811c6f63bb23abfa6b795c32bac271bf1566a9d2ca191215ff"
        },
        "pipfile-spec": 6,
        "requires": {
            "python_version": "3.8"
        },
        "sources": [
            {
                "name": "pypi",
                "url": "https://pypi.org/simple",
                "verify_ssl": true
            }
        ]
    },
    "default": {
        "marshmallow": {
            "hashes": [
                "sha256:73facc37462dfc0b27f571bdaffbef7709e19f7a616beb3802ea425b07843f4e",
                "sha256:e26763201474b588d144dae9a32bdd945cd26a06c943bc746a6882e850475378"
            ],
            "index": "pypi",
            "version": "==3.9.1"
        }
    },
    "develop": {}
}
